
Microsoft Visual Studio Solution File, Format Version 12.00
# Visual Studio Version 16
VisualStudioVersion = 16.0.36324.18
MinimumVisualStudioVersion = 10.0.40219.1
Project("{FAE04EC0-301F-11D3-BF4B-00C04F79EFBC}") = "KitchenSink", "KitchenSink\KitchenSink.csproj", "{0CC5A051-1601-4825-829C-B6BDCDF6559A}"
EndProject
Global
	GlobalSection(SolutionConfigurationPlatforms) = preSolution
		Debug|Any CPU = Debug|Any CPU
		Release|Any CPU = Release|Any CPU
	EndGlobalSection
	GlobalSection(ProjectConfigurationPlatforms) = postSolution
		{0CC5A051-1601-4825-829C-B6BDCDF6559A}.Debug|Any CPU.ActiveCfg = Debug|Any CPU
		{0CC5A051-1601-4825-829C-B6BDCDF6559A}.Debug|Any CPU.Build.0 = Debug|Any CPU
		{0CC5A051-1601-4825-829C-B6BDCDF6559A}.Release|Any CPU.ActiveCfg = Release|Any CPU
		{0CC5A051-1601-4825-829C-B6BDCDF6559A}.Release|Any CPU.Build.0 = Release|Any CPU
	EndGlobalSection
	GlobalSection(SolutionProperties) = preSolution
		HideSolutionNode = FALSE
	EndGlobalSection
	GlobalSection(ExtensibilityGlobals) = postSolution
		SolutionGuid = {4790372E-91AD-4940-8E99-9912FC26084D}
	EndGlobalSection
EndGlobal
